
Microsoft Visual Studio Solution File, Format Version 12.00
# Visual Studio 15
VisualStudioVersion = 15.0.28307.421
MinimumVisualStudioVersion = 10.0.40219.1
Project("{FAE04EC0-301F-11D3-BF4B-00C04F79EFBC}") = "td2.Android", "td2\td2.Android\td2.Android.csproj", "{EEF82F04-7965-4673-AF5E-1AAEE5EF7E19}"
EndProject
Project("{FAE04EC0-301F-11D3-BF4B-00C04F79EFBC}") = "td2.iOS", "td2\td2.iOS\td2.iOS.csproj", "{00C53B32-2B6B-4740-B39B-C5C10F554C2A}"
EndProject
Project("{FAE04EC0-301F-11D3-BF4B-00C04F79EFBC}") = "td2.UWP", "td2\td2.UWP\td2.UWP.csproj", "{A99066F4-19FF-4F6A-AC34-BBDBCC876F6D}"
EndProject
Project("{FAE04EC0-301F-11D3-BF4B-00C04F79EFBC}") = "td2", "td2\td2\td2.csproj", "{EFF279B6-60D1-422D-A178-364E8C476470}"
EndProject
Global
	GlobalSection(SolutionConfigurationPlatforms) = preSolution
		Ad-Hoc|Any CPU = Ad-Hoc|Any CPU
		Ad-Hoc|ARM = Ad-Hoc|ARM
		Ad-Hoc|iPhone = Ad-Hoc|iPhone
		Ad-Hoc|iPhoneSimulator = Ad-Hoc|iPhoneSimulator
		Ad-Hoc|x64 = Ad-Hoc|x64
		Ad-Hoc|x86 = Ad-Hoc|x86
		AppStore|Any CPU = AppStore|Any CPU
		AppStore|ARM = AppStore|ARM
		AppStore|iPhone = AppStore|iPhone
		AppStore|iPhoneSimulator = AppStore|iPhoneSimulator
		AppStore|x64 = AppStore|x64
		AppStore|x86 = AppStore|x86
		Debug|Any CPU = Debug|Any CPU
		Debug|ARM = Debug|ARM
		Debug|iPhone = Debug|iPhone
		Debug|iPhoneSimulator = Debug|iPhoneSimulator
		Debug|x64 = Debug|x64
		Debug|x86 = Debug|x86
		Release|Any CPU = Release|Any CPU
		Release|ARM = Release|ARM
		Release|iPhone = Release|iPhone
		Release|iPhoneSimulator = Release|iPhoneSimulator
		Release|x64 = Release|x64
		Release|x86 = Release|x86
	EndGlobalSection
	GlobalSection(ProjectConfigurationPlatforms) = postSolution
		{EEF82F04-7965-4673-AF5E-1AAEE5EF7E19}.Ad-Hoc|Any CPU.ActiveCfg = Release|Any CPU
		{EEF82F04-7965-4673-AF5E-1AAEE5EF7E19}.Ad-Hoc|Any CPU.Build.0 = Release|Any CPU
		{EEF82F04-7965-4673-AF5E-1AAEE5EF7E19}.Ad-Hoc|Any CPU.Deploy.0 = Release|Any CPU
		{EEF82F04-7965-4673-AF5E-1AAEE5EF7E19}.Ad-Hoc|ARM.ActiveCfg = Release|Any CPU
		{EEF82F04-7965-4673-AF5E-1AAEE5EF7E19}.Ad-Hoc|ARM.Build.0 = Release|Any CPU
		{EEF82F04-7965-4673-AF5E-1AAEE5EF7E19}.Ad-Hoc|ARM.Deploy.0 = Release|Any CPU
		{EEF82F04-7965-4673-AF5E-1AAEE5EF7E19}.Ad-Hoc|iPhone.ActiveCfg = Release|Any CPU
		{EEF82F04-7965-4673-AF5E-1AAEE5EF7E19}.Ad-Hoc|iPhone.Build.0 = Release|Any CPU
		{EEF82F04-7965-4673-AF5E-1AAEE5EF7E19}.Ad-Hoc|iPhone.Deploy.0 = Release|Any CPU
		{EEF82F04-7965-4673-AF5E-1AAEE5EF7E19}.Ad-Hoc|iPhoneSimulator.ActiveCfg = Release|Any CPU
		{EEF82F04-7965-4673-AF5E-1AAEE5EF7E19}.Ad-Hoc|iPhoneSimulator.Build.0 = Release|Any CPU
		{EEF82F04-7965-4673-AF5E-1AAEE5EF7E19}.Ad-Hoc|iPhoneSimulator.Deploy.0 = Release|Any CPU
		{EEF82F04-7965-4673-AF5E-1AAEE5EF7E19}.Ad-Hoc|x64.ActiveCfg = Release|Any CPU
		{EEF82F04-7965-4673-AF5E-1AAEE5EF7E19}.Ad-Hoc|x64.Build.0 = Release|Any CPU
		{EEF82F04-7965-4673-AF5E-1AAEE5EF7E19}.Ad-Hoc|x64.Deploy.0 = Release|Any CPU
		{EEF82F04-7965-4673-AF5E-1AAEE5EF7E19}.Ad-Hoc|x86.ActiveCfg = Release|Any CPU
		{EEF82F04-7965-4673-AF5E-1AAEE5EF7E19}.Ad-Hoc|x86.Build.0 = Release|Any CPU
		{EEF82F04-7965-4673-AF5E-1AAEE5EF7E19}.Ad-Hoc|x86.Deploy.0 = Release|Any CPU
		{EEF82F04-7965-4673-AF5E-1AAEE5EF7E19}.AppStore|Any CPU.ActiveCfg = Release|Any CPU
		{EEF82F04-7965-4673-AF5E-1AAEE5EF7E19}.AppStore|Any CPU.Build.0 = Release|Any CPU
		{EEF82F04-7965-4673-AF5E-1AAEE5EF7E19}.AppStore|Any CPU.Deploy.0 = Release|Any CPU
		{EEF82F04-7965-4673-AF5E-1AAEE5EF7E19}.AppStore|ARM.ActiveCfg = Release|Any CPU
		{EEF82F04-7965-4673-AF5E-1AAEE5EF7E19}.AppStore|ARM.Build.0 = Release|Any CPU
		{EEF82F04-7965-4673-AF5E-1AAEE5EF7E19}.AppStore|ARM.Deploy.0 = Release|Any CPU
		{EEF82F04-7965-4673-AF5E-1AAEE5EF7E19}.AppStore|iPhone.ActiveCfg = Release|Any CPU
		{EEF82F04-7965-4673-AF5E-1AAEE5EF7E19}.AppStore|iPhone.Build.0 = Release|Any CPU
		{EEF82F04-7965-4673-AF5E-1AAEE5EF7E19}.AppStore|iPhone.Deploy.0 = Release|Any CPU
		{EEF82F04-7965-4673-AF5E-1AAEE5EF7E19}.AppStore|iPhoneSimulator.ActiveCfg = Release|Any CPU
		{EEF82F04-7965-4673-AF5E-1AAEE5EF7E19}.AppStore|iPhoneSimulator.Build.0 = Release|Any CPU
		{EEF82F04-7965-4673-AF5E-1AAEE5EF7E19}.AppStore|iPhoneSimulator.Deploy.0 = Release|Any CPU
		{EEF82F04-7965-4673-AF5E-1AAEE5EF7E19}.AppStore|x64.ActiveCfg = Release|Any CPU
		{EEF82F04-7965-4673-AF5E-1AAEE5EF7E19}.AppStore|x64.Build.0 = Release|Any CPU
		{EEF82F04-7965-4673-AF5E-1AAEE5EF7E19}.AppStore|x64.Deploy.0 = Release|Any CPU
		{EEF82F04-7965-4673-AF5E-1AAEE5EF7E19}.AppStore|x86.ActiveCfg = Release|Any CPU
		{EEF82F04-7965-4673-AF5E-1AAEE5EF7E19}.AppStore|x86.Build.0 = Release|Any CPU
		{EEF82F04-7965-4673-AF5E-1AAEE5EF7E19}.AppStore|x86.Deploy.0 = Release|Any CPU
		{EEF82F04-7965-4673-AF5E-1AAEE5EF7E19}.Debug|Any CPU.ActiveCfg = Debug|Any CPU
		{EEF82F04-7965-4673-AF5E-1AAEE5EF7E19}.Debug|Any CPU.Build.0 = Debug|Any CPU
		{EEF82F04-7965-4673-AF5E-1AAEE5EF7E19}.Debug|Any CPU.Deploy.0 = Debug|Any CPU
		{EEF82F04-7965-4673-AF5E-1AAEE5EF7E19}.Debug|ARM.ActiveCfg = Debug|Any CPU
		{EEF82F04-7965-4673-AF5E-1AAEE5EF7E19}.Debug|ARM.Build.0 = Debug|Any CPU
		{EEF82F04-7965-4673-AF5E-1AAEE5EF7E19}.Debug|ARM.Deploy.0 = Debug|Any CPU
		{EEF82F04-7965-4673-AF5E-1AAEE5EF7E19}.Debug|iPhone.ActiveCfg = Debug|Any CPU
		{EEF82F04-7965-4673-AF5E-1AAEE5EF7E19}.Debug|iPhone.Build.0 = Debug|Any CPU
		{EEF82F04-7965-4673-AF5E-1AAEE5EF7E19}.Debug|iPhone.Deploy.0 = Debug|Any CPU
		{EEF82F04-7965-4673-AF5E-1AAEE5EF7E19}.Debug|iPhoneSimulator.ActiveCfg = Debug|Any CPU
		{EEF82F04-7965-4673-AF5E-1AAEE5EF7E19}.Debug|iPhoneSimulator.Build.0 = Debug|Any CPU
		{EEF82F04-7965-4673-AF5E-1AAEE5EF7E19}.Debug|iPhoneSimulator.Deploy.0 = Debug|Any CPU
		{EEF82F04-7965-4673-AF5E-1AAEE5EF7E19}.Debug|x64.ActiveCfg = Debug|Any CPU
		{EEF82F04-7965-4673-AF5E-1AAEE5EF7E19}.Debug|x64.Build.0 = Debug|Any CPU
		{EEF82F04-7965-4673-AF5E-1AAEE5EF7E19}.Debug|x64.Deploy.0 = Debug|Any CPU
		{EEF82F04-7965-4673-AF5E-1AAEE5EF7E19}.Debug|x86.ActiveCfg = Debug|Any CPU
		{EEF82F04-7965-4673-AF5E-1AAEE5EF7E19}.Debug|x86.Build.0 = Debug|Any CPU
		{EEF82F04-7965-4673-AF5E-1AAEE5EF7E19}.Debug|x86.Deploy.0 = Debug|Any CPU
		{EEF82F04-7965-4673-AF5E-1AAEE5EF7E19}.Release|Any CPU.ActiveCfg = Release|Any CPU
		{EEF82F04-7965-4673-AF5E-1AAEE5EF7E19}.Release|Any CPU.Build.0 = Release|Any CPU
		{EEF82F04-7965-4673-AF5E-1AAEE5EF7E19}.Release|Any CPU.Deploy.0 = Release|Any CPU
		{EEF82F04-7965-4673-AF5E-1AAEE5EF7E19}.Release|ARM.ActiveCfg = Release|Any CPU
		{EEF82F04-7965-4673-AF5E-1AAEE5EF7E19}.Release|ARM.Build.0 = Release|Any CPU
		{EEF82F04-7965-4673-AF5E-1AAEE5EF7E19}.Release|ARM.Deploy.0 = Release|Any CPU
		{EEF82F04-7965-4673-AF5E-1AAEE5EF7E19}.Release|iPhone.ActiveCfg = Release|Any CPU
		{EEF82F04-7965-4673-AF5E-1AAEE5EF7E19}.Release|iPhone.Build.0 = Release|Any CPU
		{EEF82F04-7965-4673-AF5E-1AAEE5EF7E19}.Release|iPhone.Deploy.0 = Release|Any CPU
		{EEF82F04-7965-4673-AF5E-1AAEE5EF7E19}.Release|iPhoneSimulator.ActiveCfg = Release|Any CPU
		{EEF82F04-7965-4673-AF5E-1AAEE5EF7E19}.Release|iPhoneSimulator.Build.0 = Release|Any CPU
		{EEF82F04-7965-4673-AF5E-1AAEE5EF7E19}.Release|iPhoneSimulator.Deploy.0 = Release|Any CPU
		{EEF82F04-7965-4673-AF5E-1AAEE5EF7E19}.Release|x64.ActiveCfg = Release|Any CPU
		{EEF82F04-7965-4673-AF5E-1AAEE5EF7E19}.Release|x64.Build.0 = Release|Any CPU
		{EEF82F04-7965-4673-AF5E-1AAEE5EF7E19}.Release|x64.Deploy.0 = Release|Any CPU
		{EEF82F04-7965-4673-AF5E-1AAEE5EF7E19}.Release|x86.ActiveCfg = Release|Any CPU
		{EEF82F04-7965-4673-AF5E-1AAEE5EF7E19}.Release|x86.Build.0 = Release|Any CPU
		{EEF82F04-7965-4673-AF5E-1AAEE5EF7E19}.Release|x86.Deploy.0 = Release|Any CPU
		{00C53B32-2B6B-4740-B39B-C5C10F554C2A}.Ad-Hoc|Any CPU.ActiveCfg = Ad-Hoc|iPhone
		{00C53B32-2B6B-4740-B39B-C5C10F554C2A}.Ad-Hoc|Any CPU.Build.0 = Ad-Hoc|iPhone
		{00C53B32-2B6B-4740-B39B-C5C10F554C2A}.Ad-Hoc|Any CPU.Deploy.0 = Ad-Hoc|iPhone
		{00C53B32-2B6B-4740-B39B-C5C10F554C2A}.Ad-Hoc|ARM.ActiveCfg = Ad-Hoc|iPhone
		{00C53B32-2B6B-4740-B39B-C5C10F554C2A}.Ad-Hoc|ARM.Build.0 = Ad-Hoc|iPhone
		{00C53B32-2B6B-4740-B39B-C5C10F554C2A}.Ad-Hoc|ARM.Deploy.0 = Ad-Hoc|iPhone
		{00C53B32-2B6B-4740-B39B-C5C10F554C2A}.Ad-Hoc|iPhone.ActiveCfg = Ad-Hoc|iPhone
		{00C53B32-2B6B-4740-B39B-C5C10F554C2A}.Ad-Hoc|iPhone.Build.0 = Ad-Hoc|iPhone
		{00C53B32-2B6B-4740-B39B-C5C10F554C2A}.Ad-Hoc|iPhone.Deploy.0 = Ad-Hoc|iPhone
		{00C53B32-2B6B-4740-B39B-C5C10F554C2A}.Ad-Hoc|iPhoneSimulator.ActiveCfg = Ad-Hoc|iPhoneSimulator
		{00C53B32-2B6B-4740-B39B-C5C10F554C2A}.Ad-Hoc|iPhoneSimulator.Build.0 = Ad-Hoc|iPhoneSimulator
		{00C53B32-2B6B-4740-B39B-C5C10F554C2A}.Ad-Hoc|iPhoneSimulator.Deploy.0 = Ad-Hoc|iPhoneSimulator
		{00C53B32-2B6B-4740-B39B-C5C10F554C2A}.Ad-Hoc|x64.ActiveCfg = Ad-Hoc|iPhone
		{00C53B32-2B6B-4740-B39B-C5C10F554C2A}.Ad-Hoc|x64.Build.0 = Ad-Hoc|iPhone
		{00C53B32-2B6B-4740-B39B-C5C10F554C2A}.Ad-Hoc|x64.Deploy.0 = Ad-Hoc|iPhone
		{00C53B32-2B6B-4740-B39B-C5C10F554C2A}.Ad-Hoc|x86.ActiveCfg = Ad-Hoc|iPhone
		{00C53B32-2B6B-4740-B39B-C5C10F554C2A}.Ad-Hoc|x86.Build.0 = Ad-Hoc|iPhone
		{00C53B32-2B6B-4740-B39B-C5C10F554C2A}.Ad-Hoc|x86.Deploy.0 = Ad-Hoc|iPhone
		{00C53B32-2B6B-4740-B39B-C5C10F554C2A}.AppStore|Any CPU.ActiveCfg = AppStore|iPhone
		{00C53B32-2B6B-4740-B39B-C5C10F554C2A}.AppStore|Any CPU.Build.0 = AppStore|iPhone
		{00C53B32-2B6B-4740-B39B-C5C10F554C2A}.AppStore|Any CPU.Deploy.0 = AppStore|iPhone
		{00C53B32-2B6B-4740-B39B-C5C10F554C2A}.AppStore|ARM.ActiveCfg = AppStore|iPhone
		{00C53B32-2B6B-4740-B39B-C5C10F554C2A}.AppStore|ARM.Build.0 = AppStore|iPhone
		{00C53B32-2B6B-4740-B39B-C5C10F554C2A}.AppStore|ARM.Deploy.0 = AppStore|iPhone
		{00C53B32-2B6B-4740-B39B-C5C10F554C2A}.AppStore|iPhone.ActiveCfg = AppStore|iPhone
		{00C53B32-2B6B-4740-B39B-C5C10F554C2A}.AppStore|iPhone.Build.0 = AppStore|iPhone
		{00C53B32-2B6B-4740-B39B-C5C10F554C2A}.AppStore|iPhone.Deploy.0 = AppStore|iPhone
		{00C53B32-2B6B-4740-B39B-C5C10F554C2A}.AppStore|iPhoneSimulator.ActiveCfg = AppStore|iPhoneSimulator
		{00C53B32-2B6B-4740-B39B-C5C10F554C2A}.AppStore|iPhoneSimulator.Build.0 = AppStore|iPhoneSimulator
		{00C53B32-2B6B-4740-B39B-C5C10F554C2A}.AppStore|iPhoneSimulator.Deploy.0 = AppStore|iPhoneSimulator
		{00C53B32-2B6B-4740-B39B-C5C10F554C2A}.AppStore|x64.ActiveCfg = AppStore|iPhone
		{00C53B32-2B6B-4740-B39B-C5C10F554C2A}.AppStore|x64.Build.0 = AppStore|iPhone
		{00C53B32-2B6B-4740-B39B-C5C10F554C2A}.AppStore|x64.Deploy.0 = AppStore|iPhone
		{00C53B32-2B6B-4740-B39B-C5C10F554C2A}.AppStore|x86.ActiveCfg = AppStore|iPhone
		{00C53B32-2B6B-4740-B39B-C5C10F554C2A}.AppStore|x86.Build.0 = AppStore|iPhone
		{00C53B32-2B6B-4740-B39B-C5C10F554C2A}.AppStore|x86.Deploy.0 = AppStore|iPhone
		{00C53B32-2B6B-4740-B39B-C5C10F554C2A}.Debug|Any CPU.ActiveCfg = Debug|iPhoneSimulator
		{00C53B32-2B6B-4740-B39B-C5C10F554C2A}.Debug|Any CPU.Build.0 = Debug|iPhoneSimulator
		{00C53B32-2B6B-4740-B39B-C5C10F554C2A}.Debug|Any CPU.Deploy.0 = Debug|iPhoneSimulator
		{00C53B32-2B6B-4740-B39B-C5C10F554C2A}.Debug|ARM.ActiveCfg = Debug|iPhone
		{00C53B32-2B6B-4740-B39B-C5C10F554C2A}.Debug|ARM.Build.0 = Debug|iPhone
		{00C53B32-2B6B-4740-B39B-C5C10F554C2A}.Debug|ARM.Deploy.0 = Debug|iPhone
		{00C53B32-2B6B-4740-B39B-C5C10F554C2A}.Debug|iPhone.ActiveCfg = Debug|iPhone
		{00C53B32-2B6B-4740-B39B-C5C10F554C2A}.Debug|iPhone.Build.0 = Debug|iPhone
		{00C53B32-2B6B-4740-B39B-C5C10F554C2A}.Debug|iPhone.Deploy.0 = Debug|iPhone
		{00C53B32-2B6B-4740-B39B-C5C10F554C2A}.Debug|iPhoneSimulator.ActiveCfg = Debug|iPhoneSimulator
		{00C53B32-2B6B-4740-B39B-C5C10F554C2A}.Debug|iPhoneSimulator.Build.0 = Debug|iPhoneSimulator
		{00C53B32-2B6B-4740-B39B-C5C10F554C2A}.Debug|iPhoneSimulator.Deploy.0 = Debug|iPhoneSimulator
		{00C53B32-2B6B-4740-B39B-C5C10F554C2A}.Debug|x64.ActiveCfg = Debug|iPhone
		{00C53B32-2B6B-4740-B39B-C5C10F554C2A}.Debug|x64.Build.0 = Debug|iPhone
		{00C53B32-2B6B-4740-B39B-C5C10F554C2A}.Debug|x64.Deploy.0 = Debug|iPhone
		{00C53B32-2B6B-4740-B39B-C5C10F554C2A}.Debug|x86.ActiveCfg = Debug|iPhone
		{00C53B32-2B6B-4740-B39B-C5C10F554C2A}.Debug|x86.Build.0 = Debug|iPhone
		{00C53B32-2B6B-4740-B39B-C5C10F554C2A}.Debug|x86.Deploy.0 = Debug|iPhone
		{00C53B32-2B6B-4740-B39B-C5C10F554C2A}.Release|Any CPU.ActiveCfg = Release|iPhone
		{00C53B32-2B6B-4740-B39B-C5C10F554C2A}.Release|Any CPU.Build.0 = Release|iPhone
		{00C53B32-2B6B-4740-B39B-C5C10F554C2A}.Release|Any CPU.Deploy.0 = Release|iPhone
		{00C53B32-2B6B-4740-B39B-C5C10F554C2A}.Release|ARM.ActiveCfg = Release|iPhone
		{00C53B32-2B6B-4740-B39B-C5C10F554C2A}.Release|ARM.Build.0 = Release|iPhone
		{00C53B32-2B6B-4740-B39B-C5C10F554C2A}.Release|ARM.Deploy.0 = Release|iPhone
		{00C53B32-2B6B-4740-B39B-C5C10F554C2A}.Release|iPhone.ActiveCfg = Release|iPhone
		{00C53B32-2B6B-4740-B39B-C5C10F554C2A}.Release|iPhone.Build.0 = Release|iPhone
		{00C53B32-2B6B-4740-B39B-C5C10F554C2A}.Release|iPhone.Deploy.0 = Release|iPhone
		{00C53B32-2B6B-4740-B39B-C5C10F554C2A}.Release|iPhoneSimulator.ActiveCfg = Release|iPhoneSimulator
		{00C53B32-2B6B-4740-B39B-C5C10F554C2A}.Release|iPhoneSimulator.Build.0 = Release|iPhoneSimulator
		{00C53B32-2B6B-4740-B39B-C5C10F554C2A}.Release|iPhoneSimulator.Deploy.0 = Release|iPhoneSimulator
		{00C53B32-2B6B-4740-B39B-C5C10F554C2A}.Release|x64.ActiveCfg = Release|iPhone
		{00C53B32-2B6B-4740-B39B-C5C10F554C2A}.Release|x64.Build.0 = Release|iPhone
		{00C53B32-2B6B-4740-B39B-C5C10F554C2A}.Release|x64.Deploy.0 = Release|iPhone
		{00C53B32-2B6B-4740-B39B-C5C10F554C2A}.Release|x86.ActiveCfg = Release|iPhone
		{00C53B32-2B6B-4740-B39B-C5C10F554C2A}.Release|x86.Build.0 = Release|iPhone
		{00C53B32-2B6B-4740-B39B-C5C10F554C2A}.Release|x86.Deploy.0 = Release|iPhone
		{A99066F4-19FF-4F6A-AC34-BBDBCC876F6D}.Ad-Hoc|Any CPU.ActiveCfg = Release|x86
		{A99066F4-19FF-4F6A-AC34-BBDBCC876F6D}.Ad-Hoc|Any CPU.Build.0 = Release|x86
		{A99066F4-19FF-4F6A-AC34-BBDBCC876F6D}.Ad-Hoc|Any CPU.Deploy.0 = Release|x86
		{A99066F4-19FF-4F6A-AC34-BBDBCC876F6D}.Ad-Hoc|ARM.ActiveCfg = Release|ARM
		{A99066F4-19FF-4F6A-AC34-BBDBCC876F6D}.Ad-Hoc|ARM.Build.0 = Release|ARM
		{A99066F4-19FF-4F6A-AC34-BBDBCC876F6D}.Ad-Hoc|ARM.Deploy.0 = Release|ARM
		{A99066F4-19FF-4F6A-AC34-BBDBCC876F6D}.Ad-Hoc|iPhone.ActiveCfg = Release|x86
		{A99066F4-19FF-4F6A-AC34-BBDBCC876F6D}.Ad-Hoc|iPhone.Build.0 = Release|x86
		{A99066F4-19FF-4F6A-AC34-BBDBCC876F6D}.Ad-Hoc|iPhone.Deploy.0 = Release|x86
		{A99066F4-19FF-4F6A-AC34-BBDBCC876F6D}.Ad-Hoc|iPhoneSimulator.ActiveCfg = Release|x86
		{A99066F4-19FF-4F6A-AC34-BBDBCC876F6D}.Ad-Hoc|iPhoneSimulator.Build.0 = Release|x86
		{A99066F4-19FF-4F6A-AC34-BBDBCC876F6D}.Ad-Hoc|iPhoneSimulator.Deploy.0 = Release|x86
		{A99066F4-19FF-4F6A-AC34-BBDBCC876F6D}.Ad-Hoc|x64.ActiveCfg = Release|x64
		{A99066F4-19FF-4F6A-AC34-BBDBCC876F6D}.Ad-Hoc|x64.Build.0 = Release|x64
		{A99066F4-19FF-4F6A-AC34-BBDBCC876F6D}.Ad-Hoc|x64.Deploy.0 = Release|x64
		{A99066F4-19FF-4F6A-AC34-BBDBCC876F6D}.Ad-Hoc|x86.ActiveCfg = Release|x86
		{A99066F4-19FF-4F6A-AC34-BBDBCC876F6D}.Ad-Hoc|x86.Build.0 = Release|x86
		{A99066F4-19FF-4F6A-AC34-BBDBCC876F6D}.Ad-Hoc|x86.Deploy.0 = Release|x86
		{A99066F4-19FF-4F6A-AC34-BBDBCC876F6D}.AppStore|Any CPU.ActiveCfg = Release|x86
		{A99066F4-19FF-4F6A-AC34-BBDBCC876F6D}.AppStore|Any CPU.Build.0 = Release|x86
		{A99066F4-19FF-4F6A-AC34-BBDBCC876F6D}.AppStore|Any CPU.Deploy.0 = Release|x86
		{A99066F4-19FF-4F6A-AC34-BBDBCC876F6D}.AppStore|ARM.ActiveCfg = Release|ARM
		{A99066F4-19FF-4F6A-AC34-BBDBCC876F6D}.AppStore|ARM.Build.0 = Release|ARM
		{A99066F4-19FF-4F6A-AC34-BBDBCC876F6D}.AppStore|ARM.Deploy.0 = Release|ARM
		{A99066F4-19FF-4F6A-AC34-BBDBCC876F6D}.AppStore|iPhone.ActiveCfg = Release|x86
		{A99066F4-19FF-4F6A-AC34-BBDBCC876F6D}.AppStore|iPhone.Build.0 = Release|x86
		{A99066F4-19FF-4F6A-AC34-BBDBCC876F6D}.AppStore|iPhone.Deploy.0 = Release|x86
		{A99066F4-19FF-4F6A-AC34-BBDBCC876F6D}.AppStore|iPhoneSimulator.ActiveCfg = Release|x86
		{A99066F4-19FF-4F6A-AC34-BBDBCC876F6D}.AppStore|iPhoneSimulator.Build.0 = Release|x86
		{A99066F4-19FF-4F6A-AC34-BBDBCC876F6D}.AppStore|iPhoneSimulator.Deploy.0 = Release|x86
		{A99066F4-19FF-4F6A-AC34-BBDBCC876F6D}.AppStore|x64.ActiveCfg = Release|x64
		{A99066F4-19FF-4F6A-AC34-BBDBCC876F6D}.AppStore|x64.Build.0 = Release|x64
		{A99066F4-19FF-4F6A-AC34-BBDBCC876F6D}.AppStore|x64.Deploy.0 = Release|x64
		{A99066F4-19FF-4F6A-AC34-BBDBCC876F6D}.AppStore|x86.ActiveCfg = Release|x86
		{A99066F4-19FF-4F6A-AC34-BBDBCC876F6D}.AppStore|x86.Build.0 = Release|x86
		{A99066F4-19FF-4F6A-AC34-BBDBCC876F6D}.AppStore|x86.Deploy.0 = Release|x86
		{A99066F4-19FF-4F6A-AC34-BBDBCC876F6D}.Debug|Any CPU.ActiveCfg = Debug|x86
		{A99066F4-19FF-4F6A-AC34-BBDBCC876F6D}.Debug|Any CPU.Build.0 = Debug|x86
		{A99066F4-19FF-4F6A-AC34-BBDBCC876F6D}.Debug|Any CPU.Deploy.0 = Debug|x86
		{A99066F4-19FF-4F6A-AC34-BBDBCC876F6D}.Debug|ARM.ActiveCfg = Debug|ARM
		{A99066F4-19FF-4F6A-AC34-BBDBCC876F6D}.Debug|ARM.Build.0 = Debug|ARM
		{A99066F4-19FF-4F6A-AC34-BBDBCC876F6D}.Debug|ARM.Deploy.0 = Debug|ARM
		{A99066F4-19FF-4F6A-AC34-BBDBCC876F6D}.Debug|iPhone.ActiveCfg = Debug|x86
		{A99066F4-19FF-4F6A-AC34-BBDBCC876F6D}.Debug|iPhone.Build.0 = Debug|x86
		{A99066F4-19FF-4F6A-AC34-BBDBCC876F6D}.Debug|iPhone.Deploy.0 = Debug|x86
		{A99066F4-19FF-4F6A-AC34-BBDBCC876F6D}.Debug|iPhoneSimulator.ActiveCfg = Debug|x86
		{A99066F4-19FF-4F6A-AC34-BBDBCC876F6D}.Debug|iPhoneSimulator.Build.0 = Debug|x86
		{A99066F4-19FF-4F6A-AC34-BBDBCC876F6D}.Debug|iPhoneSimulator.Deploy.0 = Debug|x86
		{A99066F4-19FF-4F6A-AC34-BBDBCC876F6D}.Debug|x64.ActiveCfg = Debug|x64
		{A99066F4-19FF-4F6A-AC34-BBDBCC876F6D}.Debug|x64.Build.0 = Debug|x64
		{A99066F4-19FF-4F6A-AC34-BBDBCC876F6D}.Debug|x64.Deploy.0 = Debug|x64
		{A99066F4-19FF-4F6A-AC34-BBDBCC876F6D}.Debug|x86.ActiveCfg = Debug|x86
		{A99066F4-19FF-4F6A-AC34-BBDBCC876F6D}.Debug|x86.Build.0 = Debug|x86
		{A99066F4-19FF-4F6A-AC34-BBDBCC876F6D}.Debug|x86.Deploy.0 = Debug|x86
		{A99066F4-19FF-4F6A-AC34-BBDBCC876F6D}.Release|Any CPU.ActiveCfg = Release|x86
		{A99066F4-19FF-4F6A-AC34-BBDBCC876F6D}.Release|Any CPU.Build.0 = Release|x86
		{A99066F4-19FF-4F6A-AC34-BBDBCC876F6D}.Release|Any CPU.Deploy.0 = Release|x86
		{A99066F4-19FF-4F6A-AC34-BBDBCC876F6D}.Release|ARM.ActiveCfg = Release|ARM
		{A99066F4-19FF-4F6A-AC34-BBDBCC876F6D}.Release|ARM.Build.0 = Release|ARM
		{A99066F4-19FF-4F6A-AC34-BBDBCC876F6D}.Release|ARM.Deploy.0 = Release|ARM
		{A99066F4-19FF-4F6A-AC34-BBDBCC876F6D}.Release|iPhone.ActiveCfg = Release|x86
		{A99066F4-19FF-4F6A-AC34-BBDBCC876F6D}.Release|iPhone.Build.0 = Release|x86
		{A99066F4-19FF-4F6A-AC34-BBDBCC876F6D}.Release|iPhone.Deploy.0 = Release|x86
		{A99066F4-19FF-4F6A-AC34-BBDBCC876F6D}.Release|iPhoneSimulator.ActiveCfg = Release|x86
		{A99066F4-19FF-4F6A-AC34-BBDBCC876F6D}.Release|iPhoneSimulator.Build.0 = Release|x86
		{A99066F4-19FF-4F6A-AC34-BBDBCC876F6D}.Release|iPhoneSimulator.Deploy.0 = Release|x86
		{A99066F4-19FF-4F6A-AC34-BBDBCC876F6D}.Release|x64.ActiveCfg = Release|x64
		{A99066F4-19FF-4F6A-AC34-BBDBCC876F6D}.Release|x64.Build.0 = Release|x64
		{A99066F4-19FF-4F6A-AC34-BBDBCC876F6D}.Release|x64.Deploy.0 = Release|x64
		{A99066F4-19FF-4F6A-AC34-BBDBCC876F6D}.Release|x86.ActiveCfg = Release|x86
		{A99066F4-19FF-4F6A-AC34-BBDBCC876F6D}.Release|x86.Build.0 = Release|x86
		{A99066F4-19FF-4F6A-AC34-BBDBCC876F6D}.Release|x86.Deploy.0 = Release|x86
		{EFF279B6-60D1-422D-A178-364E8C476470}.Ad-Hoc|Any CPU.ActiveCfg = Debug|Any CPU
		{EFF279B6-60D1-422D-A178-364E8C476470}.Ad-Hoc|Any CPU.Build.0 = Debug|Any CPU
		{EFF279B6-60D1-422D-A178-364E8C476470}.Ad-Hoc|Any CPU.Deploy.0 = Debug|Any CPU
		{EFF279B6-60D1-422D-A178-364E8C476470}.Ad-Hoc|ARM.ActiveCfg = Debug|Any CPU
		{EFF279B6-60D1-422D-A178-364E8C476470}.Ad-Hoc|ARM.Build.0 = Debug|Any CPU
		{EFF279B6-60D1-422D-A178-364E8C476470}.Ad-Hoc|ARM.Deploy.0 = Debug|Any CPU
		{EFF279B6-60D1-422D-A178-364E8C476470}.Ad-Hoc|iPhone.ActiveCfg = Debug|Any CPU
		{EFF279B6-60D1-422D-A178-364E8C476470}.Ad-Hoc|iPhone.Build.0 = Debug|Any CPU
		{EFF279B6-60D1-422D-A178-364E8C476470}.Ad-Hoc|iPhone.Deploy.0 = Debug|Any CPU
		{EFF279B6-60D1-422D-A178-364E8C476470}.Ad-Hoc|iPhoneSimulator.ActiveCfg = Debug|Any CPU
		{EFF279B6-60D1-422D-A178-364E8C476470}.Ad-Hoc|iPhoneSimulator.Build.0 = Debug|Any CPU
		{EFF279B6-60D1-422D-A178-364E8C476470}.Ad-Hoc|iPhoneSimulator.Deploy.0 = Debug|Any CPU
		{EFF279B6-60D1-422D-A178-364E8C476470}.Ad-Hoc|x64.ActiveCfg = Debug|Any CPU
		{EFF279B6-60D1-422D-A178-364E8C476470}.Ad-Hoc|x64.Build.0 = Debug|Any CPU
		{EFF279B6-60D1-422D-A178-364E8C476470}.Ad-Hoc|x64.Deploy.0 = Debug|Any CPU
		{EFF279B6-60D1-422D-A178-364E8C476470}.Ad-Hoc|x86.ActiveCfg = Debug|Any CPU
		{EFF279B6-60D1-422D-A178-364E8C476470}.Ad-Hoc|x86.Build.0 = Debug|Any CPU
		{EFF279B6-60D1-422D-A178-364E8C476470}.Ad-Hoc|x86.Deploy.0 = Debug|Any CPU
		{EFF279B6-60D1-422D-A178-364E8C476470}.AppStore|Any CPU.ActiveCfg = Debug|Any CPU
		{EFF279B6-60D1-422D-A178-364E8C476470}.AppStore|Any CPU.Build.0 = Debug|Any CPU
		{EFF279B6-60D1-422D-A178-364E8C476470}.AppStore|Any CPU.Deploy.0 = Debug|Any CPU
		{EFF279B6-60D1-422D-A178-364E8C476470}.AppStore|ARM.ActiveCfg = Debug|Any CPU
		{EFF279B6-60D1-422D-A178-364E8C476470}.AppStore|ARM.Build.0 = Debug|Any CPU
		{EFF279B6-60D1-422D-A178-364E8C476470}.AppStore|ARM.Deploy.0 = Debug|Any CPU
		{EFF279B6-60D1-422D-A178-364E8C476470}.AppStore|iPhone.ActiveCfg = Debug|Any CPU
		{EFF279B6-60D1-422D-A178-364E8C476470}.AppStore|iPhone.Build.0 = Debug|Any CPU
		{EFF279B6-60D1-422D-A178-364E8C476470}.AppStore|iPhone.Deploy.0 = Debug|Any CPU
		{EFF279B6-60D1-422D-A178-364E8C476470}.AppStore|iPhoneSimulator.ActiveCfg = Debug|Any CPU
		{EFF279B6-60D1-422D-A178-364E8C476470}.AppStore|iPhoneSimulator.Build.0 = Debug|Any CPU
		{EFF279B6-60D1-422D-A178-364E8C476470}.AppStore|iPhoneSimulator.Deploy.0 = Debug|Any CPU
		{EFF279B6-60D1-422D-A178-364E8C476470}.AppStore|x64.ActiveCfg = Debug|Any CPU
		{EFF279B6-60D1-422D-A178-364E8C476470}.AppStore|x64.Build.0 = Debug|Any CPU
		{EFF279B6-60D1-422D-A178-364E8C476470}.AppStore|x64.Deploy.0 = Debug|Any CPU
		{EFF279B6-60D1-422D-A178-364E8C476470}.AppStore|x86.ActiveCfg = Debug|Any CPU
		{EFF279B6-60D1-422D-A178-364E8C476470}.AppStore|x86.Build.0 = Debug|Any CPU
		{EFF279B6-60D1-422D-A178-364E8C476470}.AppStore|x86.Deploy.0 = Debug|Any CPU
		{EFF279B6-60D1-422D-A178-364E8C476470}.Debug|Any CPU.ActiveCfg = Debug|Any CPU
		{EFF279B6-60D1-422D-A178-364E8C476470}.Debug|Any CPU.Build.0 = Debug|Any CPU
		{EFF279B6-60D1-422D-A178-364E8C476470}.Debug|Any CPU.Deploy.0 = Debug|Any CPU
		{EFF279B6-60D1-422D-A178-364E8C476470}.Debug|ARM.ActiveCfg = Debug|Any CPU
		{EFF279B6-60D1-422D-A178-364E8C476470}.Debug|ARM.Build.0 = Debug|Any CPU
		{EFF279B6-60D1-422D-A178-364E8C476470}.Debug|ARM.Deploy.0 = Debug|Any CPU
		{EFF279B6-60D1-422D-A178-364E8C476470}.Debug|iPhone.ActiveCfg = Debug|Any CPU
		{EFF279B6-60D1-422D-A178-364E8C476470}.Debug|iPhone.Build.0 = Debug|Any CPU
		{EFF279B6-60D1-422D-A178-364E8C476470}.Debug|iPhone.Deploy.0 = Debug|Any CPU
		{EFF279B6-60D1-422D-A178-364E8C476470}.Debug|iPhoneSimulator.ActiveCfg = Debug|Any CPU
		{EFF279B6-60D1-422D-A178-364E8C476470}.Debug|iPhoneSimulator.Build.0 = Debug|Any CPU
		{EFF279B6-60D1-422D-A178-364E8C476470}.Debug|iPhoneSimulator.Deploy.0 = Debug|Any CPU
		{EFF279B6-60D1-422D-A178-364E8C476470}.Debug|x64.ActiveCfg = Debug|Any CPU
		{EFF279B6-60D1-422D-A178-364E8C476470}.Debug|x64.Build.0 = Debug|Any CPU
		{EFF279B6-60D1-422D-A178-364E8C476470}.Debug|x64.Deploy.0 = Debug|Any CPU
		{EFF279B6-60D1-422D-A178-364E8C476470}.Debug|x86.ActiveCfg = Debug|Any CPU
		{EFF279B6-60D1-422D-A178-364E8C476470}.Debug|x86.Build.0 = Debug|Any CPU
		{EFF279B6-60D1-422D-A178-364E8C476470}.Debug|x86.Deploy.0 = Debug|Any CPU
		{EFF279B6-60D1-422D-A178-364E8C476470}.Release|Any CPU.ActiveCfg = Release|Any CPU
		{EFF279B6-60D1-422D-A178-364E8C476470}.Release|Any CPU.Build.0 = Release|Any CPU
		{EFF279B6-60D1-422D-A178-364E8C476470}.Release|Any CPU.Deploy.0 = Release|Any CPU
		{EFF279B6-60D1-422D-A178-364E8C476470}.Release|ARM.ActiveCfg = Release|Any CPU
		{EFF279B6-60D1-422D-A178-364E8C476470}.Release|ARM.Build.0 = Release|Any CPU
		{EFF279B6-60D1-422D-A178-364E8C476470}.Release|ARM.Deploy.0 = Release|Any CPU
		{EFF279B6-60D1-422D-A178-364E8C476470}.Release|iPhone.ActiveCfg = Release|Any CPU
		{EFF279B6-60D1-422D-A178-364E8C476470}.Release|iPhone.Build.0 = Release|Any CPU
		{EFF279B6-60D1-422D-A178-364E8C476470}.Release|iPhone.Deploy.0 = Release|Any CPU
		{EFF279B6-60D1-422D-A178-364E8C476470}.Release|iPhoneSimulator.ActiveCfg = Release|Any CPU
		{EFF279B6-60D1-422D-A178-364E8C476470}.Release|iPhoneSimulator.Build.0 = Release|Any CPU
		{EFF279B6-60D1-422D-A178-364E8C476470}.Release|iPhoneSimulator.Deploy.0 = Release|Any CPU
		{EFF279B6-60D1-422D-A178-364E8C476470}.Release|x64.ActiveCfg = Release|Any CPU
		{EFF279B6-60D1-422D-A178-364E8C476470}.Release|x64.Build.0 = Release|Any CPU
		{EFF279B6-60D1-422D-A178-364E8C476470}.Release|x64.Deploy.0 = Release|Any CPU
		{EFF279B6-60D1-422D-A178-364E8C476470}.Release|x86.ActiveCfg = Release|Any CPU
		{EFF279B6-60D1-422D-A178-364E8C476470}.Release|x86.Build.0 = Release|Any CPU
		{EFF279B6-60D1-422D-A178-364E8C476470}.Release|x86.Deploy.0 = Release|Any CPU
	EndGlobalSection
	GlobalSection(SolutionProperties) = preSolution
		HideSolutionNode = FALSE
	EndGlobalSection
	GlobalSection(ExtensibilityGlobals) = postSolution
		SolutionGuid = {B48FF00B-6495-4E0E-9881-1C4EC6A8F2EF}
	EndGlobalSection
EndGlobal
